
Microsoft Visual Studio Solution File, Format Version 12.00
# Visual Studio 15
VisualStudioVersion = 15.0.28010.2046
MinimumVisualStudioVersion = 10.0.40219.1
Project("{9A19103F-16F7-4668-BE54-9A1E7A4F7556}") = "XeonComputers", "XeonComputers\XeonComputers.csproj", "{BB654ACF-11C2-4125-A748-444B6AF846B3}"
EndProject
Project("{9A19103F-16F7-4668-BE54-9A1E7A4F7556}") = "XeonComputers.Models", "XeonComputers.Models\XeonComputers.Models.csproj", "{C5406464-361B-4E75-AAF9-182A3ACA0BE1}"
EndProject
Project("{9A19103F-16F7-4668-BE54-9A1E7A4F7556}") = "XeonComputers.Data", "XeonComputers.Data\XeonComputers.Data.csproj", "{CD3E7D1A-A6AE-43CE-886A-AB302DEC7AFC}"
EndProject
Project("{9A19103F-16F7-4668-BE54-9A1E7A4F7556}") = "XeonComputers.Services", "XeonComputers.Services\XeonComputers.Services.csproj", "{DD483A46-31EB-478C-895B-F6D078D1E8A9}"
EndProject
Project("{2150E333-8FDC-42A3-9474-1A3956D46DE8}") = "Data", "Data", "{93322AD6-D706-49AB-A0FC-0661AA9B5A33}"
EndProject
Project("{2150E333-8FDC-42A3-9474-1A3956D46DE8}") = "Web", "Web", "{838623CA-2B29-4F54-BBAF-EE7FFFB0B788}"
EndProject
Project("{2150E333-8FDC-42A3-9474-1A3956D46DE8}") = "Services", "Services", "{0579618F-07D2-42C9-B192-9053674DBA23}"
EndProject
Project("{2150E333-8FDC-42A3-9474-1A3956D46DE8}") = "Tests", "Tests", "{1641E9B6-9BD9-4C8B-BCB2-0AD7D567351E}"
EndProject
Project("{9A19103F-16F7-4668-BE54-9A1E7A4F7556}") = "XeonComputers.Services.Tests", "Tests\XeonComputers.Services.Tests\XeonComputers.Services.Tests.csproj", "{1651EB32-DC2D-44E4-A71D-D6FE6FA06D57}"
EndProject
Global
	GlobalSection(SolutionConfigurationPlatforms) = preSolution
		Debug|Any CPU = Debug|Any CPU
		Release|Any CPU = Release|Any CPU
	EndGlobalSection
	GlobalSection(ProjectConfigurationPlatforms) = postSolution
		{BB654ACF-11C2-4125-A748-444B6AF846B3}.Debug|Any CPU.ActiveCfg = Debug|Any CPU
		{BB654ACF-11C2-4125-A748-444B6AF846B3}.Debug|Any CPU.Build.0 = Debug|Any CPU
		{BB654ACF-11C2-4125-A748-444B6AF846B3}.Release|Any CPU.ActiveCfg = Release|Any CPU
		{BB654ACF-11C2-4125-A748-444B6AF846B3}.Release|Any CPU.Build.0 = Release|Any CPU
		{C5406464-361B-4E75-AAF9-182A3ACA0BE1}.Debug|Any CPU.ActiveCfg = Debug|Any CPU
		{C5406464-361B-4E75-AAF9-182A3ACA0BE1}.Debug|Any CPU.Build.0 = Debug|Any CPU
		{C5406464-361B-4E75-AAF9-182A3ACA0BE1}.Release|Any CPU.ActiveCfg = Release|Any CPU
		{C5406464-361B-4E75-AAF9-182A3ACA0BE1}.Release|Any CPU.Build.0 = Release|Any CPU
		{CD3E7D1A-A6AE-43CE-886A-AB302DEC7AFC}.Debug|Any CPU.ActiveCfg = Debug|Any CPU
		{CD3E7D1A-A6AE-43CE-886A-AB302DEC7AFC}.Debug|Any CPU.Build.0 = Debug|Any CPU
		{CD3E7D1A-A6AE-43CE-886A-AB302DEC7AFC}.Release|Any CPU.ActiveCfg = Release|Any CPU
		{CD3E7D1A-A6AE-43CE-886A-AB302DEC7AFC}.Release|Any CPU.Build.0 = Release|Any CPU
		{DD483A46-31EB-478C-895B-F6D078D1E8A9}.Debug|Any CPU.ActiveCfg = Debug|Any CPU
		{DD483A46-31EB-478C-895B-F6D078D1E8A9}.Debug|Any CPU.Build.0 = Debug|Any CPU
		{DD483A46-31EB-478C-895B-F6D078D1E8A9}.Release|Any CPU.ActiveCfg = Release|Any CPU
		{DD483A46-31EB-478C-895B-F6D078D1E8A9}.Release|Any CPU.Build.0 = Release|Any CPU
		{1651EB32-DC2D-44E4-A71D-D6FE6FA06D57}.Debug|Any CPU.ActiveCfg = Debug|Any CPU
		{1651EB32-DC2D-44E4-A71D-D6FE6FA06D57}.Debug|Any CPU.Build.0 = Debug|Any CPU
		{1651EB32-DC2D-44E4-A71D-D6FE6FA06D57}.Release|Any CPU.ActiveCfg = Release|Any CPU
		{1651EB32-DC2D-44E4-A71D-D6FE6FA06D57}.Release|Any CPU.Build.0 = Release|Any CPU
	EndGlobalSection
	GlobalSection(SolutionProperties) = preSolution
		HideSolutionNode = FALSE
	EndGlobalSection
	GlobalSection(NestedProjects) = preSolution
		{BB654ACF-11C2-4125-A748-444B6AF846B3} = {838623CA-2B29-4F54-BBAF-EE7FFFB0B788}
		{C5406464-361B-4E75-AAF9-182A3ACA0BE1} = {93322AD6-D706-49AB-A0FC-0661AA9B5A33}
		{CD3E7D1A-A6AE-43CE-886A-AB302DEC7AFC} = {93322AD6-D706-49AB-A0FC-0661AA9B5A33}
		{DD483A46-31EB-478C-895B-F6D078D1E8A9} = {0579618F-07D2-42C9-B192-9053674DBA23}
		{1651EB32-DC2D-44E4-A71D-D6FE6FA06D57} = {1641E9B6-9BD9-4C8B-BCB2-0AD7D567351E}
	EndGlobalSection
	GlobalSection(ExtensibilityGlobals) = postSolution
		SolutionGuid = {DCE2B768-0671-4978-BB0F-4FC7B380C7B8}
	EndGlobalSection
EndGlobal
